{
  "name": "ngx-tagify",
  "version": "0.4.2",
  "lockfileVersion": 1,
  "requires": true,
  "dependencies": {
    "@types/yaireo__tagify": {
      "version": "3.22.0",
      "resolved": "https://registry.npmjs.org/@types/yaireo__tagify/-/yaireo__tagify-3.22.0.tgz",
      "integrity": "sha512-Sa/rEBKQGYwsQ/nCHFzG0MuJ2mnQbMjVilU2sXZBm1v9AFJrzMPX358akeTM3vfBBg38OzfX2dpmG6MKJnBg+w=="
    },
    "@yaireo/tagify": {
      "version": "3.23.0",
      "resolved": "https://registry.npmjs.org/@yaireo/tagify/-/tagify-3.23.0.tgz",
      "integrity": "sha512-zSfCnHHniMP9OsucYGqQISOntCHo4VOtjOsI6SSlq+4SbWrB58BxG9KCjqv7iWKVV2WLtgYOGtzfJF3T+AWndA=="
    }
  }
}
