{
  "name": "ngx-tagify",
  "version": "0.6.0",
  "lockfileVersion": 1,
  "requires": true,
  "dependencies": {
    "@types/yaireo__tagify": {
      "version": "4.0.0",
      "resolved": "https://registry.npmjs.org/@types/yaireo__tagify/-/yaireo__tagify-4.0.0.tgz",
      "integrity": "sha512-DhYgiZCCGKgbnz5EorSzHprr+y0HtHnkzhgAJw9WqW97HvdJ6zVMjVaMpFeSqydkXli7ep5AMiqUvcPAjhMr6A=="
    },
    "@yaireo/tagify": {
      "version": "4.0.0",
      "resolved": "https://registry.npmjs.org/@yaireo/tagify/-/tagify-4.0.0.tgz",
      "integrity": "sha512-2N4RB/rHIdBuA3bHz2Cc/Qz/+e3UfxmyZBz+9pM2jOexFISwSOiOGmNxQxA045IyfdwQRpN8WIjVtQWQ4VZVdg=="
    }
  }
}
